// !$*UTF8*$!
{
	archiveVersion = 1;
	classes = {
	};
	objectVersion = 46;
	objects = {

/* Begin PBXBuildFile section */
		AD45005E152790B8009C54A5 /* Cocoa.framework in Frameworks */ = {isa = PBXBuildFile; fileRef = AD45005D152790B8009C54A5 /* Cocoa.framework */; };
		AD450068152790B8009C54A5 /* InfoPlist.strings in Resources */ = {isa = PBXBuildFile; fileRef = AD450066152790B8009C54A5 /* InfoPlist.strings */; };
		AD45006A152790B8009C54A5 /* main.m in Sources */ = {isa = PBXBuildFile; fileRef = AD450069152790B8009C54A5 /* main.m */; };
		AD45006E152790B8009C54A5 /* Credits.rtf in Resources */ = {isa = PBXBuildFile; fileRef = AD45006C152790B8009C54A5 /* Credits.rtf */; };
		AD450071152790B8009C54A5 /* AppDelegate.m in Sources */ = {isa = PBXBuildFile; fileRef = AD450070152790B8009C54A5 /* AppDelegate.m */; };
		AD450074152790B8009C54A5 /* MainMenu.xib in Resources */ = {isa = PBXBuildFile; fileRef = AD450072152790B8009C54A5 /* MainMenu.xib */; };
		AD450077152790B8009C54A5 /* CheckWriter.xcdatamodeld in Sources */ = {isa = PBXBuildFile; fileRef = AD450075152790B8009C54A5 /* CheckWriter.xcdatamodeld */; };
		AD45007F152790B9009C54A5 /* SenTestingKit.framework in Frameworks */ = {isa = PBXBuildFile; fileRef = AD45007E152790B9009C54A5 /* SenTestingKit.framework */; };
		AD450080152790B9009C54A5 /* Cocoa.framework in Frameworks */ = {isa = PBXBuildFile; fileRef = AD45005D152790B8009C54A5 /* Cocoa.framework */; };
		AD450088152790B9009C54A5 /* InfoPlist.strings in Resources */ = {isa = PBXBuildFile; fileRef = AD450086152790B9009C54A5 /* InfoPlist.strings */; };
		AD45008B152790B9009C54A5 /* CheckWriterTests.m in Sources */ = {isa = PBXBuildFile; fileRef = AD45008A152790B9009C54A5 /* CheckWriterTests.m */; };
		ADBEC9B4154A51A1002DE2B3 /* MainWindowController.m in Sources */ = {isa = PBXBuildFile; fileRef = ADBEC9B3154A51A1002DE2B3 /* MainWindowController.m */; };
/* End PBXBuildFile section */

/* Begin PBXContainerItemProxy section */
		AD450081152790B9009C54A5 /* PBXContainerItemProxy */ = {
			isa = PBXContainerItemProxy;
			containerPortal = AD450050152790B7009C54A5 /* Project object */;
			proxyType = 1;
			remoteGlobalIDString = AD450058152790B8009C54A5;
			remoteInfo = CheckWriter;
		};
/* End PBXContainerItemProxy section */

/* Begin PBXFileReference section */
		AD450059152790B8009C54A5 /* CheckWriter.app */ = {isa = PBXFileReference; explicitFileType = wrapper.application; includeInIndex = 0; path = CheckWriter.app; sourceTree = BUILT_PRODUCTS_DIR; };
		AD45005D152790B8009C54A5 /* Cocoa.framework */ = {isa = PBXFileReference; lastKnownFileType = wrapper.framework; name = Cocoa.framework; path = System/Library/Frameworks/Cocoa.framework; sourceTree = SDKROOT; };
		AD450060152790B8009C54A5 /* AppKit.framework */ = {isa = PBXFileReference; lastKnownFileType = wrapper.framework; name = AppKit.framework; path = System/Library/Frameworks/AppKit.framework; sourceTree = SDKROOT; };
		AD450061152790B8009C54A5 /* CoreData.framework */ = {isa = PBXFileReference; lastKnownFileType = wrapper.framework; name = CoreData.framework; path = System/Library/Frameworks/CoreData.framework; sourceTree = SDKROOT; };
		AD450062152790B8009C54A5 /* Foundation.framework */ = {isa = PBXFileReference; lastKnownFileType = wrapper.framework; name = Foundation.framework; path = System/Library/Frameworks/Foundation.framework; sourceTree = SDKROOT; };
		AD450065152790B8009C54A5 /* CheckWriter-Info.plist */ = {isa = PBXFileReference; lastKnownFileType = text.plist.xml; path = "CheckWriter-Info.plist"; sourceTree = "<group>"; };
		AD450067152790B8009C54A5 /* en */ = {isa = PBXFileReference; lastKnownFileType = text.plist.strings; name = en; path = en.lproj/InfoPlist.strings; sourceTree = "<group>"; };
		AD450069152790B8009C54A5 /* main.m */ = {isa = PBXFileReference; lastKnownFileType = sourcecode.c.objc; path = main.m; sourceTree = "<group>"; };
		AD45006B152790B8009C54A5 /* CheckWriter-Prefix.pch */ = {isa = PBXFileReference; lastKnownFileType = sourcecode.c.h; path = "CheckWriter-Prefix.pch"; sourceTree = "<group>"; };
		AD45006D152790B8009C54A5 /* en */ = {isa = PBXFileReference; lastKnownFileType = text.rtf; name = en; path = en.lproj/Credits.rtf; sourceTree = "<group>"; };
		AD45006F152790B8009C54A5 /* AppDelegate.h */ = {isa = PBXFileReference; lastKnownFileType = sourcecode.c.h; path = AppDelegate.h; sourceTree = "<group>"; };
		AD450070152790B8009C54A5 /* AppDelegate.m */ = {isa = PBXFileReference; lastKnownFileType = sourcecode.c.objc; path = AppDelegate.m; sourceTree = "<group>"; };
		AD450073152790B8009C54A5 /* en */ = {isa = PBXFileReference; lastKnownFileType = file.xib; name = en; path = en.lproj/MainMenu.xib; sourceTree = "<group>"; };
		AD450076152790B8009C54A5 /* CheckWriter.xcdatamodel */ = {isa = PBXFileReference; lastKnownFileType = wrapper.xcdatamodel; path = CheckWriter.xcdatamodel; sourceTree = "<group>"; };
		AD45007D152790B9009C54A5 /* CheckWriterTests.octest */ = {isa = PBXFileReference; explicitFileType = wrapper.cfbundle; includeInIndex = 0; path = CheckWriterTests.octest; sourceTree = BUILT_PRODUCTS_DIR; };
		AD45007E152790B9009C54A5 /* SenTestingKit.framework */ = {isa = PBXFileReference; lastKnownFileType = wrapper.framework; name = SenTestingKit.framework; path = Library/Frameworks/SenTestingKit.framework; sourceTree = DEVELOPER_DIR; };
		AD450085152790B9009C54A5 /* CheckWriterTests-Info.plist */ = {isa = PBXFileReference; lastKnownFileType = text.plist.xml; path = "CheckWriterTests-Info.plist"; sourceTree = "<group>"; };
		AD450087152790B9009C54A5 /* en */ = {isa = PBXFileReference; lastKnownFileType = text.plist.strings; name = en; path = en.lproj/InfoPlist.strings; sourceTree = "<group>"; };
		AD450089152790B9009C54A5 /* CheckWriterTests.h */ = {isa = PBXFileReference; lastKnownFileType = sourcecode.c.h; path = CheckWriterTests.h; sourceTree = "<group>"; };
		AD45008A152790B9009C54A5 /* CheckWriterTests.m */ = {isa = PBXFileReference; lastKnownFileType = sourcecode.c.objc; path = CheckWriterTests.m; sourceTree = "<group>"; };
		ADBEC9B2154A51A1002DE2B3 /* MainWindowController.h */ = {isa = PBXFileReference; fileEncoding = 4; lastKnownFileType = sourcecode.c.h; path = MainWindowController.h; sourceTree = "<group>"; };
		ADBEC9B3154A51A1002DE2B3 /* MainWindowController.m */ = {isa = PBXFileReference; fileEncoding = 4; lastKnownFileType = sourcecode.c.objc; path = MainWindowController.m; sourceTree = "<group>"; };
/* End PBXFileReference section */

/* Begin PBXFrameworksBuildPhase section */
		AD450056152790B8009C54A5 /* Frameworks */ = {
			isa = PBXFrameworksBuildPhase;
			buildActionMask = 2147483647;
			files = (
				AD45005E152790B8009C54A5 /* Cocoa.framework in Frameworks */,
			);
			runOnlyForDeploymentPostprocessing = 0;
		};
		AD450079152790B9009C54A5 /* Frameworks */ = {
			isa = PBXFrameworksBuildPhase;
			buildActionMask = 2147483647;
			files = (
				AD45007F152790B9009C54A5 /* SenTestingKit.framework in Frameworks */,
				AD450080152790B9009C54A5 /* Cocoa.framework in Frameworks */,
			);
			runOnlyForDeploymentPostprocessing = 0;
		};
/* End PBXFrameworksBuildPhase section */

/* Begin PBXGroup section */
		AD45004E152790B7009C54A5 = {
			isa = PBXGroup;
			children = (
				AD450063152790B8009C54A5 /* CheckWriter */,
				AD450083152790B9009C54A5 /* CheckWriterTests */,
				AD45005C152790B8009C54A5 /* Frameworks */,
				AD45005A152790B8009C54A5 /* Products */,
			);
			sourceTree = "<group>";
		};
		AD45005A152790B8009C54A5 /* Products */ = {
			isa = PBXGroup;
			children = (
				AD450059152790B8009C54A5 /* CheckWriter.app */,
				AD45007D152790B9009C54A5 /* CheckWriterTests.octest */,
			);
			name = Products;
			sourceTree = "<group>";
		};
		AD45005C152790B8009C54A5 /* Frameworks */ = {
			isa = PBXGroup;
			children = (
				AD45005D152790B8009C54A5 /* Cocoa.framework */,
				AD45007E152790B9009C54A5 /* SenTestingKit.framework */,
				AD45005F152790B8009C54A5 /* Other Frameworks */,
			);
			name = Frameworks;
			sourceTree = "<group>";
		};
		AD45005F152790B8009C54A5 /* Other Frameworks */ = {
			isa = PBXGroup;
			children = (
				AD450060152790B8009C54A5 /* AppKit.framework */,
				AD450061152790B8009C54A5 /* CoreData.framework */,
				AD450062152790B8009C54A5 /* Foundation.framework */,
			);
			name = "Other Frameworks";
			sourceTree = "<group>";
		};
		AD450063152790B8009C54A5 /* CheckWriter */ = {
			isa = PBXGroup;
			children = (
				ADBEC9B2154A51A1002DE2B3 /* MainWindowController.h */,
				ADBEC9B3154A51A1002DE2B3 /* MainWindowController.m */,
				AD45006F152790B8009C54A5 /* AppDelegate.h */,
				AD450070152790B8009C54A5 /* AppDelegate.m */,
				AD450072152790B8009C54A5 /* MainMenu.xib */,
				AD450075152790B8009C54A5 /* CheckWriter.xcdatamodeld */,
				AD450064152790B8009C54A5 /* Supporting Files */,
			);
			path = CheckWriter;
			sourceTree = "<group>";
		};
		AD450064152790B8009C54A5 /* Supporting Files */ = {
			isa = PBXGroup;
			children = (
				AD450065152790B8009C54A5 /* CheckWriter-Info.plist */,
				AD450066152790B8009C54A5 /* InfoPlist.strings */,
				AD450069152790B8009C54A5 /* main.m */,
				AD45006B152790B8009C54A5 /* CheckWriter-Prefix.pch */,
				AD45006C152790B8009C54A5 /* Credits.rtf */,
			);
			name = "Supporting Files";
			sourceTree = "<group>";
		};
		AD450083152790B9009C54A5 /* CheckWriterTests */ = {
			isa = PBXGroup;
			children = (
				AD450089152790B9009C54A5 /* CheckWriterTests.h */,
				AD45008A152790B9009C54A5 /* CheckWriterTests.m */,
				AD450084152790B9009C54A5 /* Supporting Files */,
			);
			path = CheckWriterTests;
			sourceTree = "<group>";
		};
		AD450084152790B9009C54A5 /* Supporting Files */ = {
			isa = PBXGroup;
			children = (
				AD450085152790B9009C54A5 /* CheckWriterTests-Info.plist */,
				AD450086152790B9009C54A5 /* InfoPlist.strings */,
			);
			name = "Supporting Files";
			sourceTree = "<group>";
		};
/* End PBXGroup section */

/* Begin PBXNativeTarget section */
		AD450058152790B8009C54A5 /* CheckWriter */ = {
			isa = PBXNativeTarget;
			buildConfigurationList = AD45008E152790B9009C54A5 /* Build configuration list for PBXNativeTarget "CheckWriter" */;
			buildPhases = (
				AD450055152790B8009C54A5 /* Sources */,
				AD450056152790B8009C54A5 /* Frameworks */,
				AD450057152790B8009C54A5 /* Resources */,
			);
			buildRules = (
			);
			dependencies = (
			);
			name = CheckWriter;
			productName = CheckWriter;
			productReference = AD450059152790B8009C54A5 /* CheckWriter.app */;
			productType = "com.apple.product-type.application";
		};
		AD45007C152790B9009C54A5 /* CheckWriterTests */ = {
			isa = PBXNativeTarget;
			buildConfigurationList = AD450091152790B9009C54A5 /* Build configuration list for PBXNativeTarget "CheckWriterTests" */;
			buildPhases = (
				AD450078152790B9009C54A5 /* Sources */,
				AD450079152790B9009C54A5 /* Frameworks */,
				AD45007A152790B9009C54A5 /* Resources */,
				AD45007B152790B9009C54A5 /* ShellScript */,
			);
			buildRules = (
			);
			dependencies = (
				AD450082152790B9009C54A5 /* PBXTargetDependency */,
			);
			name = CheckWriterTests;
			productName = CheckWriterTests;
			productReference = AD45007D152790B9009C54A5 /* CheckWriterTests.octest */;
			productType = "com.apple.product-type.bundle";
		};
/* End PBXNativeTarget section */

/* Begin PBXProject section */
		AD450050152790B7009C54A5 /* Project object */ = {
			isa = PBXProject;
			attributes = {
				LastUpgradeCheck = 0420;
			};
			buildConfigurationList = AD450053152790B7009C54A5 /* Build configuration list for PBXProject "CheckWriter" */;
			compatibilityVersion = "Xcode 3.2";
			developmentRegion = English;
			hasScannedForEncodings = 0;
			knownRegions = (
				en,
			);
			mainGroup = AD45004E152790B7009C54A5;
			productRefGroup = AD45005A152790B8009C54A5 /* Products */;
			projectDirPath = "";
			projectRoot = "";
			targets = (
				AD450058152790B8009C54A5 /* CheckWriter */,
				AD45007C152790B9009C54A5 /* CheckWriterTests */,
			);
		};
/* End PBXProject section */

/* Begin PBXResourcesBuildPhase section */
		AD450057152790B8009C54A5 /* Resources */ = {
			isa = PBXResourcesBuildPhase;
			buildActionMask = 2147483647;
			files = (
				AD450068152790B8009C54A5 /* InfoPlist.strings in Resources */,
				AD45006E152790B8009C54A5 /* Credits.rtf in Resources */,
				AD450074152790B8009C54A5 /* MainMenu.xib in Resources */,
			);
			runOnlyForDeploymentPostprocessing = 0;
		};
		AD45007A152790B9009C54A5 /* Resources */ = {
			isa = PBXResourcesBuildPhase;
			buildActionMask = 2147483647;
			files = (
				AD450088152790B9009C54A5 /* InfoPlist.strings in Resources */,
			);
			runOnlyForDeploymentPostprocessing = 0;
		};
/* End PBXResourcesBuildPhase section */

/* Begin PBXShellScriptBuildPhase section */
		AD45007B152790B9009C54A5 /* ShellScript */ = {
			isa = PBXShellScriptBuildPhase;
			buildActionMask = 2147483647;
			files = (
			);
			inputPaths = (
			);
			outputPaths = (
			);
			runOnlyForDeploymentPostprocessing = 0;
			shellPath = /bin/sh;
			shellScript = "# Run the unit tests in this test bundle.\n\"${SYSTEM_DEVELOPER_DIR}/Tools/RunUnitTests\"\n";
		};
/* End PBXShellScriptBuildPhase section */

/* Begin PBXSourcesBuildPhase section */
		AD450055152790B8009C54A5 /* Sources */ = {
			isa = PBXSourcesBuildPhase;
			buildActionMask = 2147483647;
			files = (
				AD45006A152790B8009C54A5 /* main.m in Sources */,
				AD450071152790B8009C54A5 /* AppDelegate.m in Sources */,
				AD450077152790B8009C54A5 /* CheckWriter.xcdatamodeld in Sources */,
				ADBEC9B4154A51A1002DE2B3 /* MainWindowController.m in Sources */,
			);
			runOnlyForDeploymentPostprocessing = 0;
		};
		AD450078152790B9009C54A5 /* Sources */ = {
			isa = PBXSourcesBuildPhase;
			buildActionMask = 2147483647;
			files = (
				AD45008B152790B9009C54A5 /* CheckWriterTests.m in Sources */,
			);
			runOnlyForDeploymentPostprocessing = 0;
		};
/* End PBXSourcesBuildPhase section */

/* Begin PBXTargetDependency section */
		AD450082152790B9009C54A5 /* PBXTargetDependency */ = {
			isa = PBXTargetDependency;
			target = AD450058152790B8009C54A5 /* CheckWriter */;
			targetProxy = AD450081152790B9009C54A5 /* PBXContainerItemProxy */;
		};
/* End PBXTargetDependency section */

/* Begin PBXVariantGroup section */
		AD450066152790B8009C54A5 /* InfoPlist.strings */ = {
			isa = PBXVariantGroup;
			children = (
				AD450067152790B8009C54A5 /* en */,
			);
			name = InfoPlist.strings;
			sourceTree = "<group>";
		};
		AD45006C152790B8009C54A5 /* Credits.rtf */ = {
			isa = PBXVariantGroup;
			children = (
				AD45006D152790B8009C54A5 /* en */,
			);
			name = Credits.rtf;
			sourceTree = "<group>";
		};
		AD450072152790B8009C54A5 /* MainMenu.xib */ = {
			isa = PBXVariantGroup;
			children = (
				AD450073152790B8009C54A5 /* en */,
			);
			name = MainMenu.xib;
			sourceTree = "<group>";
		};
		AD450086152790B9009C54A5 /* InfoPlist.strings */ = {
			isa = PBXVariantGroup;
			children = (
				AD450087152790B9009C54A5 /* en */,
			);
			name = InfoPlist.strings;
			sourceTree = "<group>";
		};
/* End PBXVariantGroup section */

/* Begin XCBuildConfiguration section */
		AD45008C152790B9009C54A5 /* Debug */ = {
			isa = XCBuildConfiguration;
			buildSettings = {
				ALWAYS_SEARCH_USER_PATHS = NO;
				ARCHS = "$(ARCHS_STANDARD_64_BIT)";
				COPY_PHASE_STRIP = NO;
				GCC_C_LANGUAGE_STANDARD = gnu99;
				GCC_DYNAMIC_NO_PIC = NO;
				GCC_ENABLE_OBJC_EXCEPTIONS = YES;
				GCC_OPTIMIZATION_LEVEL = 0;
				GCC_PREPROCESSOR_DEFINITIONS = (
					"DEBUG=1",
					"$(inherited)",
				);
				GCC_SYMBOLS_PRIVATE_EXTERN = NO;
				GCC_VERSION = com.apple.compilers.llvm.clang.1_0;
				GCC_WARN_64_TO_32_BIT_CONVERSION = YES;
				GCC_WARN_ABOUT_MISSING_PROTOTYPES = YES;
				GCC_WARN_ABOUT_RETURN_TYPE = YES;
				GCC_WARN_UNUSED_VARIABLE = YES;
				MACOSX_DEPLOYMENT_TARGET = 10.7;
				ONLY_ACTIVE_ARCH = YES;
				SDKROOT = macosx;
			};
			name = Debug;
		};
		AD45008D152790B9009C54A5 /* Release */ = {
			isa = XCBuildConfiguration;
			buildSettings = {
				ALWAYS_SEARCH_USER_PATHS = NO;
				ARCHS = "$(ARCHS_STANDARD_64_BIT)";
				COPY_PHASE_STRIP = YES;
				DEBUG_INFORMATION_FORMAT = "dwarf-with-dsym";
				GCC_C_LANGUAGE_STANDARD = gnu99;
				GCC_ENABLE_OBJC_EXCEPTIONS = YES;
				GCC_VERSION = com.apple.compilers.llvm.clang.1_0;
				GCC_WARN_64_TO_32_BIT_CONVERSION = YES;
				GCC_WARN_ABOUT_MISSING_PROTOTYPES = YES;
				GCC_WARN_ABOUT_RETURN_TYPE = YES;
				GCC_WARN_UNUSED_VARIABLE = YES;
				MACOSX_DEPLOYMENT_TARGET = 10.7;
				SDKROOT = macosx;
			};
			name = Release;
		};
		AD45008F152790B9009C54A5 /* Debug */ = {
			isa = XCBuildConfiguration;
			buildSettings = {
				GCC_PRECOMPILE_PREFIX_HEADER = YES;
				GCC_PREFIX_HEADER = "CheckWriter/CheckWriter-Prefix.pch";
				INFOPLIST_FILE = "CheckWriter/CheckWriter-Info.plist";
				PRODUCT_NAME = "$(TARGET_NAME)";
				WRAPPER_EXTENSION = app;
			};
			name = Debug;
		};
		AD450090152790B9009C54A5 /* Release */ = {
			isa = XCBuildConfiguration;
			buildSettings = {
				GCC_PRECOMPILE_PREFIX_HEADER = YES;
				GCC_PREFIX_HEADER = "CheckWriter/CheckWriter-Prefix.pch";
				INFOPLIST_FILE = "CheckWriter/CheckWriter-Info.plist";
				PRODUCT_NAME = "$(TARGET_NAME)";
				WRAPPER_EXTENSION = app;
			};
			name = Release;
		};
		AD450092152790B9009C54A5 /* Debug */ = {
			isa = XCBuildConfiguration;
			buildSettings = {
				BUNDLE_LOADER = "$(BUILT_PRODUCTS_DIR)/CheckWriter.app/Contents/MacOS/CheckWriter";
				FRAMEWORK_SEARCH_PATHS = "$(DEVELOPER_LIBRARY_DIR)/Frameworks";
				GCC_PRECOMPILE_PREFIX_HEADER = YES;
				GCC_PREFIX_HEADER = "CheckWriter/CheckWriter-Prefix.pch";
				INFOPLIST_FILE = "CheckWriterTests/CheckWriterTests-Info.plist";
				PRODUCT_NAME = "$(TARGET_NAME)";
				TEST_HOST = "$(BUNDLE_LOADER)";
				WRAPPER_EXTENSION = octest;
			};
			name = Debug;
		};
		AD450093152790B9009C54A5 /* Release */ = {
			isa = XCBuildConfiguration;
			buildSettings = {
				BUNDLE_LOADER = "$(BUILT_PRODUCTS_DIR)/CheckWriter.app/Contents/MacOS/CheckWriter";
				FRAMEWORK_SEARCH_PATHS = "$(DEVELOPER_LIBRARY_DIR)/Frameworks";
				GCC_PRECOMPILE_PREFIX_HEADER = YES;
				GCC_PREFIX_HEADER = "CheckWriter/CheckWriter-Prefix.pch";
				INFOPLIST_FILE = "CheckWriterTests/CheckWriterTests-Info.plist";
				PRODUCT_NAME = "$(TARGET_NAME)";
				TEST_HOST = "$(BUNDLE_LOADER)";
				WRAPPER_EXTENSION = octest;
			};
			name = Release;
		};
/* End XCBuildConfiguration section */

/* Begin XCConfigurationList section */
		AD450053152790B7009C54A5 /* Build configuration list for PBXProject "CheckWriter" */ = {
			isa = XCConfigurationList;
			buildConfigurations = (
				AD45008C152790B9009C54A5 /* Debug */,
				AD45008D152790B9009C54A5 /* Release */,
			);
			defaultConfigurationIsVisible = 0;
			defaultConfigurationName = Release;
		};
		AD45008E152790B9009C54A5 /* Build configuration list for PBXNativeTarget "CheckWriter" */ = {
			isa = XCConfigurationList;
			buildConfigurations = (
				AD45008F152790B9009C54A5 /* Debug */,
				AD450090152790B9009C54A5 /* Release */,
			);
			defaultConfigurationIsVisible = 0;
			defaultConfigurationName = Release;
		};
		AD450091152790B9009C54A5 /* Build configuration list for PBXNativeTarget "CheckWriterTests" */ = {
			isa = XCConfigurationList;
			buildConfigurations = (
				AD450092152790B9009C54A5 /* Debug */,
				AD450093152790B9009C54A5 /* Release */,
			);
			defaultConfigurationIsVisible = 0;
			defaultConfigurationName = Release;
		};
/* End XCConfigurationList section */

/* Begin XCVersionGroup section */
		AD450075152790B8009C54A5 /* CheckWriter.xcdatamodeld */ = {
			isa = XCVersionGroup;
			children = (
				AD450076152790B8009C54A5 /* CheckWriter.xcdatamodel */,
			);
			currentVersion = AD450076152790B8009C54A5 /* CheckWriter.xcdatamodel */;
			path = CheckWriter.xcdatamodeld;
			sourceTree = "<group>";
			versionGroupType = wrapper.xcdatamodel;
		};
/* End XCVersionGroup section */
	};
	rootObject = AD450050152790B7009C54A5 /* Project object */;
}
