// !$*UTF8*$!
{
	archiveVersion = 1;
	classes = {
	};
	objectVersion = 46;
	objects = {

/* Begin PBXBuildFile section */
		AD60CE1113B645FB0033C0A2 /* UIKit.framework in Frameworks */ = {isa = PBXBuildFile; fileRef = AD60CE1013B645FB0033C0A2 /* UIKit.framework */; };
		AD60CE1313B645FB0033C0A2 /* Foundation.framework in Frameworks */ = {isa = PBXBuildFile; fileRef = AD60CE1213B645FB0033C0A2 /* Foundation.framework */; };
		AD60CE1513B645FB0033C0A2 /* CoreGraphics.framework in Frameworks */ = {isa = PBXBuildFile; fileRef = AD60CE1413B645FB0033C0A2 /* CoreGraphics.framework */; };
		AD60CE1B13B645FB0033C0A2 /* InfoPlist.strings in Resources */ = {isa = PBXBuildFile; fileRef = AD60CE1913B645FB0033C0A2 /* InfoPlist.strings */; };
		AD60CE1E13B645FB0033C0A2 /* main.m in Sources */ = {isa = PBXBuildFile; fileRef = AD60CE1D13B645FB0033C0A2 /* main.m */; };
		AD60CE2113B645FB0033C0A2 /* CheckWriterAppDelegate.m in Sources */ = {isa = PBXBuildFile; fileRef = AD60CE2013B645FB0033C0A2 /* CheckWriterAppDelegate.m */; };
		AD60CE2413B645FB0033C0A2 /* MainWindow.xib in Resources */ = {isa = PBXBuildFile; fileRef = AD60CE2213B645FB0033C0A2 /* MainWindow.xib */; };
		AD60CE2713B645FB0033C0A2 /* MainViewController.m in Sources */ = {isa = PBXBuildFile; fileRef = AD60CE2613B645FB0033C0A2 /* MainViewController.m */; };
		AD60CE2913B645FB0033C0A2 /* MainView.xib in Resources */ = {isa = PBXBuildFile; fileRef = AD60CE2813B645FB0033C0A2 /* MainView.xib */; };
		AD60CE2C13B645FB0033C0A2 /* FlipsideViewController.m in Sources */ = {isa = PBXBuildFile; fileRef = AD60CE2B13B645FB0033C0A2 /* FlipsideViewController.m */; };
		AD60CE2E13B645FB0033C0A2 /* FlipsideView.xib in Resources */ = {isa = PBXBuildFile; fileRef = AD60CE2D13B645FB0033C0A2 /* FlipsideView.xib */; };
		AD60CE3513B645FB0033C0A2 /* UIKit.framework in Frameworks */ = {isa = PBXBuildFile; fileRef = AD60CE1013B645FB0033C0A2 /* UIKit.framework */; };
		AD60CE3613B645FB0033C0A2 /* Foundation.framework in Frameworks */ = {isa = PBXBuildFile; fileRef = AD60CE1213B645FB0033C0A2 /* Foundation.framework */; };
		AD60CE3713B645FB0033C0A2 /* CoreGraphics.framework in Frameworks */ = {isa = PBXBuildFile; fileRef = AD60CE1413B645FB0033C0A2 /* CoreGraphics.framework */; };
		AD60CE3F13B645FB0033C0A2 /* InfoPlist.strings in Resources */ = {isa = PBXBuildFile; fileRef = AD60CE3D13B645FB0033C0A2 /* InfoPlist.strings */; };
		AD60CE4213B645FB0033C0A2 /* CheckWriterTests.h in Resources */ = {isa = PBXBuildFile; fileRef = AD60CE4113B645FB0033C0A2 /* CheckWriterTests.h */; };
		AD60CE4413B645FB0033C0A2 /* CheckWriterTests.m in Sources */ = {isa = PBXBuildFile; fileRef = AD60CE4313B645FB0033C0A2 /* CheckWriterTests.m */; };
/* End PBXBuildFile section */

/* Begin PBXContainerItemProxy section */
		AD60CE3813B645FB0033C0A2 /* PBXContainerItemProxy */ = {
			isa = PBXContainerItemProxy;
			containerPortal = AD60CE0313B645FB0033C0A2 /* Project object */;
			proxyType = 1;
			remoteGlobalIDString = AD60CE0B13B645FB0033C0A2;
			remoteInfo = CheckWriter;
		};
/* End PBXContainerItemProxy section */

/* Begin PBXFileReference section */
		AD60CE0C13B645FB0033C0A2 /* CheckWriter.app */ = {isa = PBXFileReference; explicitFileType = wrapper.application; includeInIndex = 0; path = CheckWriter.app; sourceTree = BUILT_PRODUCTS_DIR; };
		AD60CE1013B645FB0033C0A2 /* UIKit.framework */ = {isa = PBXFileReference; lastKnownFileType = wrapper.framework; name = UIKit.framework; path = System/Library/Frameworks/UIKit.framework; sourceTree = SDKROOT; };
		AD60CE1213B645FB0033C0A2 /* Foundation.framework */ = {isa = PBXFileReference; lastKnownFileType = wrapper.framework; name = Foundation.framework; path = System/Library/Frameworks/Foundation.framework; sourceTree = SDKROOT; };
		AD60CE1413B645FB0033C0A2 /* CoreGraphics.framework */ = {isa = PBXFileReference; lastKnownFileType = wrapper.framework; name = CoreGraphics.framework; path = System/Library/Frameworks/CoreGraphics.framework; sourceTree = SDKROOT; };
		AD60CE1813B645FB0033C0A2 /* CheckWriter-Info.plist */ = {isa = PBXFileReference; path = "CheckWriter-Info.plist"; sourceTree = "<group>"; };
		AD60CE1A13B645FB0033C0A2 /* en */ = {isa = PBXFileReference; lastKnownFileType = text.plist.strings; name = en; path = en.lproj/InfoPlist.strings; sourceTree = "<group>"; };
		AD60CE1C13B645FB0033C0A2 /* CheckWriter-Prefix.pch */ = {isa = PBXFileReference; path = "CheckWriter-Prefix.pch"; sourceTree = "<group>"; };
		AD60CE1D13B645FB0033C0A2 /* main.m */ = {isa = PBXFileReference; lastKnownFileType = sourcecode.c.objc; path = main.m; sourceTree = "<group>"; };
		AD60CE1F13B645FB0033C0A2 /* CheckWriterAppDelegate.h */ = {isa = PBXFileReference; path = CheckWriterAppDelegate.h; sourceTree = "<group>"; };
		AD60CE2013B645FB0033C0A2 /* CheckWriterAppDelegate.m */ = {isa = PBXFileReference; lastKnownFileType = sourcecode.c.objc; path = CheckWriterAppDelegate.m; sourceTree = "<group>"; };
		AD60CE2313B645FB0033C0A2 /* en */ = {isa = PBXFileReference; lastKnownFileType = file.xib; name = en; path = en.lproj/MainWindow.xib; sourceTree = "<group>"; };
		AD60CE2513B645FB0033C0A2 /* MainViewController.h */ = {isa = PBXFileReference; path = MainViewController.h; sourceTree = "<group>"; };
		AD60CE2613B645FB0033C0A2 /* MainViewController.m */ = {isa = PBXFileReference; lastKnownFileType = sourcecode.c.objc; path = MainViewController.m; sourceTree = "<group>"; };
		AD60CE2813B645FB0033C0A2 /* MainView.xib */ = {isa = PBXFileReference; lastKnownFileType = file.xib; path = MainView.xib; sourceTree = "<group>"; };
		AD60CE2A13B645FB0033C0A2 /* FlipsideViewController.h */ = {isa = PBXFileReference; path = FlipsideViewController.h; sourceTree = "<group>"; };
		AD60CE2B13B645FB0033C0A2 /* FlipsideViewController.m */ = {isa = PBXFileReference; lastKnownFileType = sourcecode.c.objc; path = FlipsideViewController.m; sourceTree = "<group>"; };
		AD60CE2D13B645FB0033C0A2 /* FlipsideView.xib */ = {isa = PBXFileReference; lastKnownFileType = file.xib; path = FlipsideView.xib; sourceTree = "<group>"; };
		AD60CE3413B645FB0033C0A2 /* CheckWriterTests.octest */ = {isa = PBXFileReference; explicitFileType = wrapper.cfbundle; includeInIndex = 0; path = CheckWriterTests.octest; sourceTree = BUILT_PRODUCTS_DIR; };
		AD60CE3C13B645FB0033C0A2 /* CheckWriterTests-Info.plist */ = {isa = PBXFileReference; path = "CheckWriterTests-Info.plist"; sourceTree = "<group>"; };
		AD60CE3E13B645FB0033C0A2 /* en */ = {isa = PBXFileReference; lastKnownFileType = text.plist.strings; name = en; path = en.lproj/InfoPlist.strings; sourceTree = "<group>"; };
		AD60CE4013B645FB0033C0A2 /* CheckWriterTests-Prefix.pch */ = {isa = PBXFileReference; path = "CheckWriterTests-Prefix.pch"; sourceTree = "<group>"; };
		AD60CE4113B645FB0033C0A2 /* CheckWriterTests.h */ = {isa = PBXFileReference; lastKnownFileType = sourcecode.c.h; path = CheckWriterTests.h; sourceTree = "<group>"; };
		AD60CE4313B645FB0033C0A2 /* CheckWriterTests.m */ = {isa = PBXFileReference; lastKnownFileType = sourcecode.c.objc; path = CheckWriterTests.m; sourceTree = "<group>"; };
/* End PBXFileReference section */

/* Begin PBXFrameworksBuildPhase section */
		AD60CE0913B645FB0033C0A2 /* Frameworks */ = {
			isa = PBXFrameworksBuildPhase;
			buildActionMask = 2147483647;
			files = (
				AD60CE1113B645FB0033C0A2 /* UIKit.framework in Frameworks */,
				AD60CE1313B645FB0033C0A2 /* Foundation.framework in Frameworks */,
				AD60CE1513B645FB0033C0A2 /* CoreGraphics.framework in Frameworks */,
			);
			runOnlyForDeploymentPostprocessing = 0;
		};
		AD60CE3013B645FB0033C0A2 /* Frameworks */ = {
			isa = PBXFrameworksBuildPhase;
			buildActionMask = 2147483647;
			files = (
				AD60CE3513B645FB0033C0A2 /* UIKit.framework in Frameworks */,
				AD60CE3613B645FB0033C0A2 /* Foundation.framework in Frameworks */,
				AD60CE3713B645FB0033C0A2 /* CoreGraphics.framework in Frameworks */,
			);
			runOnlyForDeploymentPostprocessing = 0;
		};
/* End PBXFrameworksBuildPhase section */

/* Begin PBXGroup section */
		AD60CE0113B645FB0033C0A2 = {
			isa = PBXGroup;
			children = (
				AD60CE1613B645FB0033C0A2 /* CheckWriter */,
				AD60CE3A13B645FB0033C0A2 /* CheckWriterTests */,
				AD60CE0F13B645FB0033C0A2 /* Frameworks */,
				AD60CE0D13B645FB0033C0A2 /* Products */,
			);
			sourceTree = "<group>";
		};
		AD60CE0D13B645FB0033C0A2 /* Products */ = {
			isa = PBXGroup;
			children = (
				AD60CE0C13B645FB0033C0A2 /* CheckWriter.app */,
				AD60CE3413B645FB0033C0A2 /* CheckWriterTests.octest */,
			);
			name = Products;
			sourceTree = "<group>";
		};
		AD60CE0F13B645FB0033C0A2 /* Frameworks */ = {
			isa = PBXGroup;
			children = (
				AD60CE1013B645FB0033C0A2 /* UIKit.framework */,
				AD60CE1213B645FB0033C0A2 /* Foundation.framework */,
				AD60CE1413B645FB0033C0A2 /* CoreGraphics.framework */,
			);
			name = Frameworks;
			sourceTree = "<group>";
		};
		AD60CE1613B645FB0033C0A2 /* CheckWriter */ = {
			isa = PBXGroup;
			children = (
				AD60CE1F13B645FB0033C0A2 /* CheckWriterAppDelegate.h */,
				AD60CE2013B645FB0033C0A2 /* CheckWriterAppDelegate.m */,
				AD60CE2213B645FB0033C0A2 /* MainWindow.xib */,
				AD60CE2513B645FB0033C0A2 /* MainViewController.h */,
				AD60CE2613B645FB0033C0A2 /* MainViewController.m */,
				AD60CE2813B645FB0033C0A2 /* MainView.xib */,
				AD60CE2A13B645FB0033C0A2 /* FlipsideViewController.h */,
				AD60CE2B13B645FB0033C0A2 /* FlipsideViewController.m */,
				AD60CE2D13B645FB0033C0A2 /* FlipsideView.xib */,
				AD60CE1713B645FB0033C0A2 /* Supporting Files */,
			);
			path = CheckWriter;
			sourceTree = "<group>";
		};
		AD60CE1713B645FB0033C0A2 /* Supporting Files */ = {
			isa = PBXGroup;
			children = (
				AD60CE1813B645FB0033C0A2 /* CheckWriter-Info.plist */,
				AD60CE1913B645FB0033C0A2 /* InfoPlist.strings */,
				AD60CE1C13B645FB0033C0A2 /* CheckWriter-Prefix.pch */,
				AD60CE1D13B645FB0033C0A2 /* main.m */,
			);
			name = "Supporting Files";
			sourceTree = "<group>";
		};
		AD60CE3A13B645FB0033C0A2 /* CheckWriterTests */ = {
			isa = PBXGroup;
			children = (
				AD60CE4113B645FB0033C0A2 /* CheckWriterTests.h */,
				AD60CE4313B645FB0033C0A2 /* CheckWriterTests.m */,
				AD60CE3B13B645FB0033C0A2 /* Supporting Files */,
			);
			path = CheckWriterTests;
			sourceTree = "<group>";
		};
		AD60CE3B13B645FB0033C0A2 /* Supporting Files */ = {
			isa = PBXGroup;
			children = (
				AD60CE3C13B645FB0033C0A2 /* CheckWriterTests-Info.plist */,
				AD60CE3D13B645FB0033C0A2 /* InfoPlist.strings */,
				AD60CE4013B645FB0033C0A2 /* CheckWriterTests-Prefix.pch */,
			);
			name = "Supporting Files";
			sourceTree = "<group>";
		};
/* End PBXGroup section */

/* Begin PBXNativeTarget section */
		AD60CE0B13B645FB0033C0A2 /* CheckWriter */ = {
			isa = PBXNativeTarget;
			buildConfigurationList = AD60CE4713B645FB0033C0A2 /* Build configuration list for PBXNativeTarget "CheckWriter" */;
			buildPhases = (
				AD60CE0813B645FB0033C0A2 /* Sources */,
				AD60CE0913B645FB0033C0A2 /* Frameworks */,
				AD60CE0A13B645FB0033C0A2 /* Resources */,
			);
			buildRules = (
			);
			dependencies = (
			);
			name = CheckWriter;
			productName = CheckWriter;
			productReference = AD60CE0C13B645FB0033C0A2 /* CheckWriter.app */;
			productType = "com.apple.product-type.application";
		};
		AD60CE3313B645FB0033C0A2 /* CheckWriterTests */ = {
			isa = PBXNativeTarget;
			buildConfigurationList = AD60CE4A13B645FB0033C0A2 /* Build configuration list for PBXNativeTarget "CheckWriterTests" */;
			buildPhases = (
				AD60CE2F13B645FB0033C0A2 /* Sources */,
				AD60CE3013B645FB0033C0A2 /* Frameworks */,
				AD60CE3113B645FB0033C0A2 /* Resources */,
				AD60CE3213B645FB0033C0A2 /* ShellScript */,
			);
			buildRules = (
			);
			dependencies = (
				AD60CE3913B645FB0033C0A2 /* PBXTargetDependency */,
			);
			name = CheckWriterTests;
			productName = CheckWriterTests;
			productReference = AD60CE3413B645FB0033C0A2 /* CheckWriterTests.octest */;
			productType = "com.apple.product-type.bundle";
		};
/* End PBXNativeTarget section */

/* Begin PBXProject section */
		AD60CE0313B645FB0033C0A2 /* Project object */ = {
			isa = PBXProject;
			buildConfigurationList = AD60CE0613B645FB0033C0A2 /* Build configuration list for PBXProject "CheckWriter" */;
			compatibilityVersion = "Xcode 3.2";
			developmentRegion = English;
			hasScannedForEncodings = 0;
			knownRegions = (
				en,
			);
			mainGroup = AD60CE0113B645FB0033C0A2;
			productRefGroup = AD60CE0D13B645FB0033C0A2 /* Products */;
			projectDirPath = "";
			projectRoot = "";
			targets = (
				AD60CE0B13B645FB0033C0A2 /* CheckWriter */,
				AD60CE3313B645FB0033C0A2 /* CheckWriterTests */,
			);
		};
/* End PBXProject section */

/* Begin PBXResourcesBuildPhase section */
		AD60CE0A13B645FB0033C0A2 /* Resources */ = {
			isa = PBXResourcesBuildPhase;
			buildActionMask = 2147483647;
			files = (
				AD60CE1B13B645FB0033C0A2 /* InfoPlist.strings in Resources */,
				AD60CE2413B645FB0033C0A2 /* MainWindow.xib in Resources */,
				AD60CE2913B645FB0033C0A2 /* MainView.xib in Resources */,
				AD60CE2E13B645FB0033C0A2 /* FlipsideView.xib in Resources */,
			);
			runOnlyForDeploymentPostprocessing = 0;
		};
		AD60CE3113B645FB0033C0A2 /* Resources */ = {
			isa = PBXResourcesBuildPhase;
			buildActionMask = 2147483647;
			files = (
				AD60CE3F13B645FB0033C0A2 /* InfoPlist.strings in Resources */,
				AD60CE4213B645FB0033C0A2 /* CheckWriterTests.h in Resources */,
			);
			runOnlyForDeploymentPostprocessing = 0;
		};
/* End PBXResourcesBuildPhase section */

/* Begin PBXShellScriptBuildPhase section */
		AD60CE3213B645FB0033C0A2 /* ShellScript */ = {
			isa = PBXShellScriptBuildPhase;
			buildActionMask = 2147483647;
			files = (
			);
			inputPaths = (
			);
			outputPaths = (
			);
			runOnlyForDeploymentPostprocessing = 0;
			shellPath = /bin/sh;
			shellScript = "# Run the unit tests in this test bundle.\n\"${SYSTEM_DEVELOPER_DIR}/Tools/RunUnitTests\"\n";
		};
/* End PBXShellScriptBuildPhase section */

/* Begin PBXSourcesBuildPhase section */
		AD60CE0813B645FB0033C0A2 /* Sources */ = {
			isa = PBXSourcesBuildPhase;
			buildActionMask = 2147483647;
			files = (
				AD60CE1E13B645FB0033C0A2 /* main.m in Sources */,
				AD60CE2113B645FB0033C0A2 /* CheckWriterAppDelegate.m in Sources */,
				AD60CE2713B645FB0033C0A2 /* MainViewController.m in Sources */,
				AD60CE2C13B645FB0033C0A2 /* FlipsideViewController.m in Sources */,
			);
			runOnlyForDeploymentPostprocessing = 0;
		};
		AD60CE2F13B645FB0033C0A2 /* Sources */ = {
			isa = PBXSourcesBuildPhase;
			buildActionMask = 2147483647;
			files = (
				AD60CE4413B645FB0033C0A2 /* CheckWriterTests.m in Sources */,
			);
			runOnlyForDeploymentPostprocessing = 0;
		};
/* End PBXSourcesBuildPhase section */

/* Begin PBXTargetDependency section */
		AD60CE3913B645FB0033C0A2 /* PBXTargetDependency */ = {
			isa = PBXTargetDependency;
			target = AD60CE0B13B645FB0033C0A2 /* CheckWriter */;
			targetProxy = AD60CE3813B645FB0033C0A2 /* PBXContainerItemProxy */;
		};
/* End PBXTargetDependency section */

/* Begin PBXVariantGroup section */
		AD60CE1913B645FB0033C0A2 /* InfoPlist.strings */ = {
			isa = PBXVariantGroup;
			children = (
				AD60CE1A13B645FB0033C0A2 /* en */,
			);
			name = InfoPlist.strings;
			sourceTree = "<group>";
		};
		AD60CE2213B645FB0033C0A2 /* MainWindow.xib */ = {
			isa = PBXVariantGroup;
			children = (
				AD60CE2313B645FB0033C0A2 /* en */,
			);
			name = MainWindow.xib;
			sourceTree = "<group>";
		};
		AD60CE3D13B645FB0033C0A2 /* InfoPlist.strings */ = {
			isa = PBXVariantGroup;
			children = (
				AD60CE3E13B645FB0033C0A2 /* en */,
			);
			name = InfoPlist.strings;
			sourceTree = "<group>";
		};
/* End PBXVariantGroup section */

/* Begin XCBuildConfiguration section */
		AD60CE4513B645FB0033C0A2 /* Debug */ = {
			isa = XCBuildConfiguration;
			buildSettings = {
				ARCHS = "$(ARCHS_STANDARD_32_BIT)";
				"CODE_SIGN_IDENTITY[sdk=iphoneos*]" = "iPhone Developer";
				GCC_C_LANGUAGE_STANDARD = gnu99;
				GCC_OPTIMIZATION_LEVEL = 0;
				GCC_PREPROCESSOR_DEFINITIONS = DEBUG;
				GCC_SYMBOLS_PRIVATE_EXTERN = NO;
				GCC_VERSION = com.apple.compilers.llvmgcc42;
				GCC_WARN_ABOUT_RETURN_TYPE = YES;
				GCC_WARN_UNUSED_VARIABLE = YES;
				IPHONEOS_DEPLOYMENT_TARGET = 4.3;
				SDKROOT = iphoneos;
			};
			name = Debug;
		};
		AD60CE4613B645FB0033C0A2 /* Release */ = {
			isa = XCBuildConfiguration;
			buildSettings = {
				ARCHS = "$(ARCHS_STANDARD_32_BIT)";
				"CODE_SIGN_IDENTITY[sdk=iphoneos*]" = "iPhone Developer";
				GCC_C_LANGUAGE_STANDARD = gnu99;
				GCC_VERSION = com.apple.compilers.llvmgcc42;
				GCC_WARN_ABOUT_RETURN_TYPE = YES;
				GCC_WARN_UNUSED_VARIABLE = YES;
				IPHONEOS_DEPLOYMENT_TARGET = 4.3;
				OTHER_CFLAGS = "-DNS_BLOCK_ASSERTIONS=1";
				SDKROOT = iphoneos;
			};
			name = Release;
		};
		AD60CE4813B645FB0033C0A2 /* Debug */ = {
			isa = XCBuildConfiguration;
			buildSettings = {
				ALWAYS_SEARCH_USER_PATHS = NO;
				COPY_PHASE_STRIP = NO;
				GCC_DYNAMIC_NO_PIC = NO;
				GCC_PRECOMPILE_PREFIX_HEADER = YES;
				GCC_PREFIX_HEADER = "CheckWriter/CheckWriter-Prefix.pch";
				INFOPLIST_FILE = "CheckWriter/CheckWriter-Info.plist";
				PRODUCT_NAME = "$(TARGET_NAME)";
				WRAPPER_EXTENSION = app;
			};
			name = Debug;
		};
		AD60CE4913B645FB0033C0A2 /* Release */ = {
			isa = XCBuildConfiguration;
			buildSettings = {
				ALWAYS_SEARCH_USER_PATHS = NO;
				COPY_PHASE_STRIP = YES;
				GCC_PRECOMPILE_PREFIX_HEADER = YES;
				GCC_PREFIX_HEADER = "CheckWriter/CheckWriter-Prefix.pch";
				INFOPLIST_FILE = "CheckWriter/CheckWriter-Info.plist";
				PRODUCT_NAME = "$(TARGET_NAME)";
				VALIDATE_PRODUCT = YES;
				WRAPPER_EXTENSION = app;
			};
			name = Release;
		};
		AD60CE4B13B645FB0033C0A2 /* Debug */ = {
			isa = XCBuildConfiguration;
			buildSettings = {
				ALWAYS_SEARCH_USER_PATHS = NO;
				BUNDLE_LOADER = "$(BUILT_PRODUCTS_DIR)/CheckWriter.app/CheckWriter";
				FRAMEWORK_SEARCH_PATHS = (
					"$(SDKROOT)/Developer/Library/Frameworks",
					"$(DEVELOPER_LIBRARY_DIR)/Frameworks",
				);
				GCC_PRECOMPILE_PREFIX_HEADER = YES;
				GCC_PREFIX_HEADER = "CheckWriterTests/CheckWriterTests-Prefix.pch";
				INFOPLIST_FILE = "CheckWriterTests/CheckWriterTests-Info.plist";
				OTHER_LDFLAGS = (
					"-framework",
					SenTestingKit,
				);
				PRODUCT_NAME = "$(TARGET_NAME)";
				TEST_HOST = "$(BUNDLE_LOADER)";
				WRAPPER_EXTENSION = octest;
			};
			name = Debug;
		};
		AD60CE4C13B645FB0033C0A2 /* Release */ = {
			isa = XCBuildConfiguration;
			buildSettings = {
				ALWAYS_SEARCH_USER_PATHS = NO;
				BUNDLE_LOADER = "$(BUILT_PRODUCTS_DIR)/CheckWriter.app/CheckWriter";
				FRAMEWORK_SEARCH_PATHS = (
					"$(SDKROOT)/Developer/Library/Frameworks",
					"$(DEVELOPER_LIBRARY_DIR)/Frameworks",
				);
				GCC_PRECOMPILE_PREFIX_HEADER = YES;
				GCC_PREFIX_HEADER = "CheckWriterTests/CheckWriterTests-Prefix.pch";
				INFOPLIST_FILE = "CheckWriterTests/CheckWriterTests-Info.plist";
				OTHER_LDFLAGS = (
					"-framework",
					SenTestingKit,
				);
				PRODUCT_NAME = "$(TARGET_NAME)";
				TEST_HOST = "$(BUNDLE_LOADER)";
				WRAPPER_EXTENSION = octest;
			};
			name = Release;
		};
/* End XCBuildConfiguration section */

/* Begin XCConfigurationList section */
		AD60CE0613B645FB0033C0A2 /* Build configuration list for PBXProject "CheckWriter" */ = {
			isa = XCConfigurationList;
			buildConfigurations = (
				AD60CE4513B645FB0033C0A2 /* Debug */,
				AD60CE4613B645FB0033C0A2 /* Release */,
			);
			defaultConfigurationIsVisible = 0;
			defaultConfigurationName = Release;
		};
		AD60CE4713B645FB0033C0A2 /* Build configuration list for PBXNativeTarget "CheckWriter" */ = {
			isa = XCConfigurationList;
			buildConfigurations = (
				AD60CE4813B645FB0033C0A2 /* Debug */,
				AD60CE4913B645FB0033C0A2 /* Release */,
			);
			defaultConfigurationIsVisible = 0;
		};
		AD60CE4A13B645FB0033C0A2 /* Build configuration list for PBXNativeTarget "CheckWriterTests" */ = {
			isa = XCConfigurationList;
			buildConfigurations = (
				AD60CE4B13B645FB0033C0A2 /* Debug */,
				AD60CE4C13B645FB0033C0A2 /* Release */,
			);
			defaultConfigurationIsVisible = 0;
		};
/* End XCConfigurationList section */
	};
	rootObject = AD60CE0313B645FB0033C0A2 /* Project object */;
}
